
Microsoft Visual Studio Solution File, Format Version 12.00
Project("{FAE04EC0-301F-11D3-BF4B-00C04F79EFBC}") = "FiguresCalculator", "FiguresCalculator\FiguresCalculator.csproj", "{5E6E523F-4FA2-4CBF-8571-508FC5895CBA}"
EndProject
Project("{FAE04EC0-301F-11D3-BF4B-00C04F79EFBC}") = "FiguresCalculator.Tests", "FiguresCalculator.Tests\FiguresCalculator.Tests.csproj", "{33202D88-54B7-4AC2-A6B4-24DF2142989B}"
EndProject
Global
	GlobalSection(SolutionConfigurationPlatforms) = preSolution
		Debug|Any CPU = Debug|Any CPU
		Release|Any CPU = Release|Any CPU
	EndGlobalSection
	GlobalSection(ProjectConfigurationPlatforms) = postSolution
		{5E6E523F-4FA2-4CBF-8571-508FC5895CBA}.Debug|Any CPU.ActiveCfg = Debug|Any CPU
		{5E6E523F-4FA2-4CBF-8571-508FC5895CBA}.Debug|Any CPU.Build.0 = Debug|Any CPU
		{5E6E523F-4FA2-4CBF-8571-508FC5895CBA}.Release|Any CPU.ActiveCfg = Release|Any CPU
		{5E6E523F-4FA2-4CBF-8571-508FC5895CBA}.Release|Any CPU.Build.0 = Release|Any CPU
		{33202D88-54B7-4AC2-A6B4-24DF2142989B}.Debug|Any CPU.ActiveCfg = Debug|Any CPU
		{33202D88-54B7-4AC2-A6B4-24DF2142989B}.Debug|Any CPU.Build.0 = Debug|Any CPU
		{33202D88-54B7-4AC2-A6B4-24DF2142989B}.Release|Any CPU.ActiveCfg = Release|Any CPU
		{33202D88-54B7-4AC2-A6B4-24DF2142989B}.Release|Any CPU.Build.0 = Release|Any CPU
	EndGlobalSection
EndGlobal
